
Microsoft Visual Studio Solution File, Format Version 12.00
# Visual Studio Version 17
VisualStudioVersion = 17.11.35222.181
MinimumVisualStudioVersion = 10.0.40219.1
Project("{9A19103F-16F7-4668-BE54-9A1E7A4F7556}") = "Generics", "Generics\Generics.csproj", "{B7B08D90-D2F1-4CB9-B344-D919C3A74B3E}"
EndProject
Project("{FAE04EC0-301F-11D3-BF4B-00C04F79EFBC}") = "Collections", "Collections\Collections.csproj", "{FD3FA8D5-377F-4022-93E8-9D0DEA9866E8}"
EndProject
Global
	GlobalSection(SolutionConfigurationPlatforms) = preSolution
		Debug|Any CPU = Debug|Any CPU
		Release|Any CPU = Release|Any CPU
	EndGlobalSection
	GlobalSection(ProjectConfigurationPlatforms) = postSolution
		{B7B08D90-D2F1-4CB9-B344-D919C3A74B3E}.Debug|Any CPU.ActiveCfg = Debug|Any CPU
		{B7B08D90-D2F1-4CB9-B344-D919C3A74B3E}.Debug|Any CPU.Build.0 = Debug|Any CPU
		{B7B08D90-D2F1-4CB9-B344-D919C3A74B3E}.Release|Any CPU.ActiveCfg = Release|Any CPU
		{B7B08D90-D2F1-4CB9-B344-D919C3A74B3E}.Release|Any CPU.Build.0 = Release|Any CPU
		{FD3FA8D5-377F-4022-93E8-9D0DEA9866E8}.Debug|Any CPU.ActiveCfg = Debug|Any CPU
		{FD3FA8D5-377F-4022-93E8-9D0DEA9866E8}.Debug|Any CPU.Build.0 = Debug|Any CPU
		{FD3FA8D5-377F-4022-93E8-9D0DEA9866E8}.Release|Any CPU.ActiveCfg = Release|Any CPU
		{FD3FA8D5-377F-4022-93E8-9D0DEA9866E8}.Release|Any CPU.Build.0 = Release|Any CPU
	EndGlobalSection
	GlobalSection(SolutionProperties) = preSolution
		HideSolutionNode = FALSE
	EndGlobalSection
	GlobalSection(ExtensibilityGlobals) = postSolution
		SolutionGuid = {C4D3C1D1-F498-4903-AE69-4494217D57A3}
	EndGlobalSection
EndGlobal
